// !$*UTF8*$!
{
	archiveVersion = 1;
	classes = {
	};
	objectVersion = 77;
	objects = {

/* Begin PBXBuildFile section */
		1B7FA11C2F56FD35004E86A9 /* Domain in Frameworks */ = {isa = PBXBuildFile; productRef = 1B7FA11B2F56FD35004E86A9 /* Domain */; };
		1B7FA11E2F56FD35004E86A9 /* DesignSystem in Frameworks */ = {isa = PBXBuildFile; productRef = 1B7FA11D2F56FD35004E86A9 /* DesignSystem */; };
/* End PBXBuildFile section */

/* Begin PBXContainerItemProxy section */
		1BCD4D592F55ECC80074A67C /* PBXContainerItemProxy */ = {
			isa = PBXContainerItemProxy;
			containerPortal = 1BCD4D432F55ECC60074A67C /* Project object */;
			proxyType = 1;
			remoteGlobalIDString = 1BCD4D4A2F55ECC60074A67C;
			remoteInfo = EnduroTrack;
		};
		1BCD4D632F55ECC80074A67C /* PBXContainerItemProxy */ = {
			isa = PBXContainerItemProxy;
			containerPortal = 1BCD4D432F55ECC60074A67C /* Project object */;
			proxyType = 1;
			remoteGlobalIDString = 1BCD4D4A2F55ECC60074A67C;
			remoteInfo = EnduroTrack;
		};
/* End PBXContainerItemProxy section */

/* Begin PBXFileReference section */
		1BCD4D4B2F55ECC60074A67C /* EnduroTrack.app */ = {isa = PBXFileReference; explicitFileType = wrapper.application; includeInIndex = 0; path = EnduroTrack.app; sourceTree = BUILT_PRODUCTS_DIR; };
		1BCD4D582F55ECC80074A67C /* EnduroTrackTests.xctest */ = {isa = PBXFileReference; explicitFileType = wrapper.cfbundle; includeInIndex = 0; path = EnduroTrackTests.xctest; sourceTree = BUILT_PRODUCTS_DIR; };
		1BCD4D622F55ECC80074A67C /* EnduroTrackUITests.xctest */ = {isa = PBXFileReference; explicitFileType = wrapper.cfbundle; includeInIndex = 0; path = EnduroTrackUITests.xctest; sourceTree = BUILT_PRODUCTS_DIR; };
/* End PBXFileReference section */

/* Begin PBXFileSystemSynchronizedRootGroup section */
		1BCD4D4D2F55ECC60074A67C /* EnduroTrack */ = {
			isa = PBXFileSystemSynchronizedRootGroup;
			path = EnduroTrack;
			sourceTree = "<group>";
		};
		1BCD4D5B2F55ECC80074A67C /* EnduroTrackTests */ = {
			isa = PBXFileSystemSynchronizedRootGroup;
			path = EnduroTrackTests;
			sourceTree = "<group>";
		};
		1BCD4D652F55ECC80074A67C /* EnduroTrackUITests */ = {
			isa = PBXFileSystemSynchronizedRootGroup;
			path = EnduroTrackUITests;
			sourceTree = "<group>";
		};
/* End PBXFileSystemSynchronizedRootGroup section */

/* Begin PBXFrameworksBuildPhase section */
		1BCD4D482F55ECC60074A67C /* Frameworks */ = {
			isa = PBXFrameworksBuildPhase;
			buildActionMask = 2147483647;
			files = (
				1B7FA11C2F56FD35004E86A9 /* Domain in Frameworks */,
				1B7FA11E2F56FD35004E86A9 /* DesignSystem in Frameworks */,
			);
			runOnlyForDeploymentPostprocessing = 0;
		};
		1BCD4D552F55ECC80074A67C /* Frameworks */ = {
			isa = PBXFrameworksBuildPhase;
			buildActionMask = 2147483647;
			files = (
			);
			runOnlyForDeploymentPostprocessing = 0;
		};
		1BCD4D5F2F55ECC80074A67C /* Frameworks */ = {
			isa = PBXFrameworksBuildPhase;
			buildActionMask = 2147483647;
			files = (
			);
			runOnlyForDeploymentPostprocessing = 0;
		};
/* End PBXFrameworksBuildPhase section */

/* Begin PBXGroup section */
		1B7FA11A2F56FD35004E86A9 /* Frameworks */ = {
			isa = PBXGroup;
			children = (
			);
			name = Frameworks;
			sourceTree = "<group>";
		};
		1BCD4D422F55ECC60074A67C = {
			isa = PBXGroup;
			children = (
				1BCD4D4D2F55ECC60074A67C /* EnduroTrack */,
				1BCD4D5B2F55ECC80074A67C /* EnduroTrackTests */,
				1BCD4D652F55ECC80074A67C /* EnduroTrackUITests */,
				1B7FA11A2F56FD35004E86A9 /* Frameworks */,
				1BCD4D4C2F55ECC60074A67C /* Products */,
			);
			sourceTree = "<group>";
		};
		1BCD4D4C2F55ECC60074A67C /* Products */ = {
			isa = PBXGroup;
			children = (
				1BCD4D4B2F55ECC60074A67C /* EnduroTrack.app */,
				1BCD4D582F55ECC80074A67C /* EnduroTrackTests.xctest */,
				1BCD4D622F55ECC80074A67C /* EnduroTrackUITests.xctest */,
			);
			name = Products;
			sourceTree = "<group>";
		};
/* End PBXGroup section */

/* Begin PBXNativeTarget section */
		1BCD4D4A2F55ECC60074A67C /* EnduroTrack */ = {
			isa = PBXNativeTarget;
			buildConfigurationList = 1BCD4D6C2F55ECC80074A67C /* Build configuration list for PBXNativeTarget "EnduroTrack" */;
			buildPhases = (
				1BCD4D472F55ECC60074A67C /* Sources */,
				1BCD4D482F55ECC60074A67C /* Frameworks */,
				1BCD4D492F55ECC60074A67C /* Resources */,
			);
			buildRules = (
			);
			dependencies = (
			);
			fileSystemSynchronizedGroups = (
				1BCD4D4D2F55ECC60074A67C /* EnduroTrack */,
			);
			name = EnduroTrack;
			packageProductDependencies = (
				1B7FA11B2F56FD35004E86A9 /* Domain */,
				1B7FA11D2F56FD35004E86A9 /* DesignSystem */,
			);
			productName = EnduroTrack;
			productReference = 1BCD4D4B2F55ECC60074A67C /* EnduroTrack.app */;
			productType = "com.apple.product-type.application";
		};
		1BCD4D572F55ECC80074A67C /* EnduroTrackTests */ = {
			isa = PBXNativeTarget;
			buildConfigurationList = 1BCD4D6F2F55ECC80074A67C /* Build configuration list for PBXNativeTarget "EnduroTrackTests" */;
			buildPhases = (
				1BCD4D542F55ECC80074A67C /* Sources */,
				1BCD4D552F55ECC80074A67C /* Frameworks */,
				1BCD4D562F55ECC80074A67C /* Resources */,
			);
			buildRules = (
			);
			dependencies = (
				1BCD4D5A2F55ECC80074A67C /* PBXTargetDependency */,
			);
			fileSystemSynchronizedGroups = (
				1BCD4D5B2F55ECC80074A67C /* EnduroTrackTests */,
			);
			name = EnduroTrackTests;
			packageProductDependencies = (
			);
			productName = EnduroTrackTests;
			productReference = 1BCD4D582F55ECC80074A67C /* EnduroTrackTests.xctest */;
			productType = "com.apple.product-type.bundle.unit-test";
		};
		1BCD4D612F55ECC80074A67C /* EnduroTrackUITests */ = {
			isa = PBXNativeTarget;
			buildConfigurationList = 1BCD4D722F55ECC80074A67C /* Build configuration list for PBXNativeTarget "EnduroTrackUITests" */;
			buildPhases = (
				1BCD4D5E2F55ECC80074A67C /* Sources */,
				1BCD4D5F2F55ECC80074A67C /* Frameworks */,
				1BCD4D602F55ECC80074A67C /* Resources */,
			);
			buildRules = (
			);
			dependencies = (
				1BCD4D642F55ECC80074A67C /* PBXTargetDependency */,
			);
			fileSystemSynchronizedGroups = (
				1BCD4D652F55ECC80074A67C /* EnduroTrackUITests */,
			);
			name = EnduroTrackUITests;
			packageProductDependencies = (
			);
			productName = EnduroTrackUITests;
			productReference = 1BCD4D622F55ECC80074A67C /* EnduroTrackUITests.xctest */;
			productType = "com.apple.product-type.bundle.ui-testing";
		};
/* End PBXNativeTarget section */

/* Begin PBXProject section */
		1BCD4D432F55ECC60074A67C /* Project object */ = {
			isa = PBXProject;
			attributes = {
				BuildIndependentTargetsInParallel = 1;
				LastSwiftUpdateCheck = 2620;
				LastUpgradeCheck = 2620;
				TargetAttributes = {
					1BCD4D4A2F55ECC60074A67C = {
						CreatedOnToolsVersion = 26.2;
					};
					1BCD4D572F55ECC80074A67C = {
						CreatedOnToolsVersion = 26.2;
						TestTargetID = 1BCD4D4A2F55ECC60074A67C;
					};
					1BCD4D612F55ECC80074A67C = {
						CreatedOnToolsVersion = 26.2;
						TestTargetID = 1BCD4D4A2F55ECC60074A67C;
					};
				};
			};
			buildConfigurationList = 1BCD4D462F55ECC60074A67C /* Build configuration list for PBXProject "EnduroTrack" */;
			developmentRegion = en;
			hasScannedForEncodings = 0;
			knownRegions = (
				en,
				Base,
			);
			mainGroup = 1BCD4D422F55ECC60074A67C;
			minimizedProjectReferenceProxies = 1;
			packageReferences = (
				1BE1B0552F56F6710044AA8D /* XCLocalSwiftPackageReference "../Domain" */,
				1BE1B0562F56F6820044AA8D /* XCLocalSwiftPackageReference "../DesignSystem" */,
			);
			preferredProjectObjectVersion = 77;
			productRefGroup = 1BCD4D4C2F55ECC60074A67C /* Products */;
			projectDirPath = "";
			projectRoot = "";
			targets = (
				1BCD4D4A2F55ECC60074A67C /* EnduroTrack */,
				1BCD4D572F55ECC80074A67C /* EnduroTrackTests */,
				1BCD4D612F55ECC80074A67C /* EnduroTrackUITests */,
			);
		};
/* End PBXProject section */

/* Begin PBXResourcesBuildPhase section */
		1BCD4D492F55ECC60074A67C /* Resources */ = {
			isa = PBXResourcesBuildPhase;
			buildActionMask = 2147483647;
			files = (
			);
			runOnlyForDeploymentPostprocessing = 0;
		};
		1BCD4D562F55ECC80074A67C /* Resources */ = {
			isa = PBXResourcesBuildPhase;
			buildActionMask = 2147483647;
			files = (
			);
			runOnlyForDeploymentPostprocessing = 0;
		};
		1BCD4D602F55ECC80074A67C /* Resources */ = {
			isa = PBXResourcesBuildPhase;
			buildActionMask = 2147483647;
			files = (
			);
			runOnlyForDeploymentPostprocessing = 0;
		};
/* End PBXResourcesBuildPhase section */

/* Begin PBXSourcesBuildPhase section */
		1BCD4D472F55ECC60074A67C /* Sources */ = {
			isa = PBXSourcesBuildPhase;
			buildActionMask = 2147483647;
			files = (
			);
			runOnlyForDeploymentPostprocessing = 0;
		};
		1BCD4D542F55ECC80074A67C /* Sources */ = {
			isa = PBXSourcesBuildPhase;
			buildActionMask = 2147483647;
			files = (
			);
			runOnlyForDeploymentPostprocessing = 0;
		};
		1BCD4D5E2F55ECC80074A67C /* Sources */ = {
			isa = PBXSourcesBuildPhase;
			buildActionMask = 2147483647;
			files = (
			);
			runOnlyForDeploymentPostprocessing = 0;
		};
/* End PBXSourcesBuildPhase section */

/* Begin PBXTargetDependency section */
		1BCD4D5A2F55ECC80074A67C /* PBXTargetDependency */ = {
			isa = PBXTargetDependency;
			target = 1BCD4D4A2F55ECC60074A67C /* EnduroTrack */;
			targetProxy = 1BCD4D592F55ECC80074A67C /* PBXContainerItemProxy */;
		};
		1BCD4D642F55ECC80074A67C /* PBXTargetDependency */ = {
			isa = PBXTargetDependency;
			target = 1BCD4D4A2F55ECC60074A67C /* EnduroTrack */;
			targetProxy = 1BCD4D632F55ECC80074A67C /* PBXContainerItemProxy */;
		};
/* End PBXTargetDependency section */

/* Begin XCBuildConfiguration section */
		1BCD4D6A2F55ECC80074A67C /* Debug */ = {
			isa = XCBuildConfiguration;
			buildSettings = {
				ALWAYS_SEARCH_USER_PATHS = NO;
				ASSETCATALOG_COMPILER_GENERATE_SWIFT_ASSET_SYMBOL_EXTENSIONS = YES;
				CLANG_ANALYZER_NONNULL = YES;
				CLANG_ANALYZER_NUMBER_OBJECT_CONVERSION = YES_AGGRESSIVE;
				CLANG_CXX_LANGUAGE_STANDARD = "gnu++20";
				CLANG_ENABLE_MODULES = YES;
				CLANG_ENABLE_OBJC_ARC = YES;
				CLANG_ENABLE_OBJC_WEAK = YES;
				CLANG_WARN_BLOCK_CAPTURE_AUTORELEASING = YES;
				CLANG_WARN_BOOL_CONVERSION = YES;
				CLANG_WARN_COMMA = YES;
				CLANG_WARN_CONSTANT_CONVERSION = YES;
				CLANG_WARN_DEPRECATED_OBJC_IMPLEMENTATIONS = YES;
				CLANG_WARN_DIRECT_OBJC_ISA_USAGE = YES_ERROR;
				CLANG_WARN_DOCUMENTATION_COMMENTS = YES;
				CLANG_WARN_EMPTY_BODY = YES;
				CLANG_WARN_ENUM_CONVERSION = YES;
				CLANG_WARN_INFINITE_RECURSION = YES;
				CLANG_WARN_INT_CONVERSION = YES;
				CLANG_WARN_NON_LITERAL_NULL_CONVERSION = YES;
				CLANG_WARN_OBJC_IMPLICIT_RETAIN_SELF = YES;
				CLANG_WARN_OBJC_LITERAL_CONVERSION = YES;
				CLANG_WARN_OBJC_ROOT_CLASS = YES_ERROR;
				CLANG_WARN_QUOTED_INCLUDE_IN_FRAMEWORK_HEADER = YES;
				CLANG_WARN_RANGE_LOOP_ANALYSIS = YES;
				CLANG_WARN_STRICT_PROTOTYPES = YES;
				CLANG_WARN_SUSPICIOUS_MOVE = YES;
				CLANG_WARN_UNGUARDED_AVAILABILITY = YES_AGGRESSIVE;
				CLANG_WARN_UNREACHABLE_CODE = YES;
				CLANG_WARN__DUPLICATE_METHOD_MATCH = YES;
				COPY_PHASE_STRIP = NO;
				DEBUG_INFORMATION_FORMAT = dwarf;
				DEVELOPMENT_TEAM = 58TH6PGDXM;
				ENABLE_STRICT_OBJC_MSGSEND = YES;
				ENABLE_TESTABILITY = YES;
				ENABLE_USER_SCRIPT_SANDBOXING = YES;
				GCC_C_LANGUAGE_STANDARD = gnu17;
				GCC_DYNAMIC_NO_PIC = NO;
				GCC_NO_COMMON_BLOCKS = YES;
				GCC_OPTIMIZATION_LEVEL = 0;
				GCC_PREPROCESSOR_DEFINITIONS = (
					"DEBUG=1",
					"$(inherited)",
				);
				GCC_WARN_64_TO_32_BIT_CONVERSION = YES;
				GCC_WARN_ABOUT_RETURN_TYPE = YES_ERROR;
				GCC_WARN_UNDECLARED_SELECTOR = YES;
				GCC_WARN_UNINITIALIZED_AUTOS = YES_AGGRESSIVE;
				GCC_WARN_UNUSED_FUNCTION = YES;
				GCC_WARN_UNUSED_VARIABLE = YES;
				IPHONEOS_DEPLOYMENT_TARGET = 26.2;
				LOCALIZATION_PREFERS_STRING_CATALOGS = YES;
				MTL_ENABLE_DEBUG_INFO = INCLUDE_SOURCE;
				MTL_FAST_MATH = YES;
				ONLY_ACTIVE_ARCH = YES;
				SDKROOT = iphoneos;
				SWIFT_ACTIVE_COMPILATION_CONDITIONS = "DEBUG $(inherited)";
				SWIFT_OPTIMIZATION_LEVEL = "-Onone";
			};
			name = Debug;
		};
		1BCD4D6B2F55ECC80074A67C /* Release */ = {
			isa = XCBuildConfiguration;
			buildSettings = {
				ALWAYS_SEARCH_USER_PATHS = NO;
				ASSETCATALOG_COMPILER_GENERATE_SWIFT_ASSET_SYMBOL_EXTENSIONS = YES;
				CLANG_ANALYZER_NONNULL = YES;
				CLANG_ANALYZER_NUMBER_OBJECT_CONVERSION = YES_AGGRESSIVE;
				CLANG_CXX_LANGUAGE_STANDARD = "gnu++20";
				CLANG_ENABLE_MODULES = YES;
				CLANG_ENABLE_OBJC_ARC = YES;
				CLANG_ENABLE_OBJC_WEAK = YES;
				CLANG_WARN_BLOCK_CAPTURE_AUTORELEASING = YES;
				CLANG_WARN_BOOL_CONVERSION = YES;
				CLANG_WARN_COMMA = YES;
				CLANG_WARN_CONSTANT_CONVERSION = YES;
				CLANG_WARN_DEPRECATED_OBJC_IMPLEMENTATIONS = YES;
				CLANG_WARN_DIRECT_OBJC_ISA_USAGE = YES_ERROR;
				CLANG_WARN_DOCUMENTATION_COMMENTS = YES;
				CLANG_WARN_EMPTY_BODY = YES;
				CLANG_WARN_ENUM_CONVERSION = YES;
				CLANG_WARN_INFINITE_RECURSION = YES;
				CLANG_WARN_INT_CONVERSION = YES;
				CLANG_WARN_NON_LITERAL_NULL_CONVERSION = YES;
				CLANG_WARN_OBJC_IMPLICIT_RETAIN_SELF = YES;
				CLANG_WARN_OBJC_LITERAL_CONVERSION = YES;
				CLANG_WARN_OBJC_ROOT_CLASS = YES_ERROR;
				CLANG_WARN_QUOTED_INCLUDE_IN_FRAMEWORK_HEADER = YES;
				CLANG_WARN_RANGE_LOOP_ANALYSIS = YES;
				CLANG_WARN_STRICT_PROTOTYPES = YES;
				CLANG_WARN_SUSPICIOUS_MOVE = YES;
				CLANG_WARN_UNGUARDED_AVAILABILITY = YES_AGGRESSIVE;
				CLANG_WARN_UNREACHABLE_CODE = YES;
				CLANG_WARN__DUPLICATE_METHOD_MATCH = YES;
				COPY_PHASE_STRIP = NO;
				DEBUG_INFORMATION_FORMAT = "dwarf-with-dsym";
				DEVELOPMENT_TEAM = 58TH6PGDXM;
				ENABLE_NS_ASSERTIONS = NO;
				ENABLE_STRICT_OBJC_MSGSEND = YES;
				ENABLE_USER_SCRIPT_SANDBOXING = YES;
				GCC_C_LANGUAGE_STANDARD = gnu17;
				GCC_NO_COMMON_BLOCKS = YES;
				GCC_WARN_64_TO_32_BIT_CONVERSION = YES;
				GCC_WARN_ABOUT_RETURN_TYPE = YES_ERROR;
				GCC_WARN_UNDECLARED_SELECTOR = YES;
				GCC_WARN_UNINITIALIZED_AUTOS = YES_AGGRESSIVE;
				GCC_WARN_UNUSED_FUNCTION = YES;
				GCC_WARN_UNUSED_VARIABLE = YES;
				IPHONEOS_DEPLOYMENT_TARGET = 26.2;
				LOCALIZATION_PREFERS_STRING_CATALOGS = YES;
				MTL_ENABLE_DEBUG_INFO = NO;
				MTL_FAST_MATH = YES;
				SDKROOT = iphoneos;
				SWIFT_COMPILATION_MODE = wholemodule;
				VALIDATE_PRODUCT = YES;
			};
			name = Release;
		};
		1BCD4D6D2F55ECC80074A67C /* Debug */ = {
			isa = XCBuildConfiguration;
			buildSettings = {
				ASSETCATALOG_COMPILER_APPICON_NAME = AppIcon;
				ASSETCATALOG_COMPILER_GLOBAL_ACCENT_COLOR_NAME = AccentColor;
				CODE_SIGN_STYLE = Automatic;
				CURRENT_PROJECT_VERSION = 1;
				DEVELOPMENT_TEAM = 58TH6PGDXM;
				ENABLE_PREVIEWS = YES;
				GENERATE_INFOPLIST_FILE = YES;
				INFOPLIST_KEY_UIApplicationSceneManifest_Generation = YES;
				INFOPLIST_KEY_UIApplicationSupportsIndirectInputEvents = YES;
				INFOPLIST_KEY_UILaunchScreen_Generation = YES;
				INFOPLIST_KEY_UISupportedInterfaceOrientations_iPad = "UIInterfaceOrientationPortrait UIInterfaceOrientationPortraitUpsideDown UIInterfaceOrientationLandscapeLeft UIInterfaceOrientationLandscapeRight";
				INFOPLIST_KEY_UISupportedInterfaceOrientations_iPhone = "UIInterfaceOrientationPortrait UIInterfaceOrientationLandscapeLeft UIInterfaceOrientationLandscapeRight";
				LD_RUNPATH_SEARCH_PATHS = (
					"$(inherited)",
					"@executable_path/Frameworks",
				);
				MARKETING_VERSION = 1.0;
				PRODUCT_BUNDLE_IDENTIFIER = "com.groupeseb.ffroehly-groupeseb.EnduroTrack";
				PRODUCT_NAME = "$(TARGET_NAME)";
				STRING_CATALOG_GENERATE_SYMBOLS = YES;
				SWIFT_APPROACHABLE_CONCURRENCY = YES;
				SWIFT_DEFAULT_ACTOR_ISOLATION = MainActor;
				SWIFT_EMIT_LOC_STRINGS = YES;
				SWIFT_UPCOMING_FEATURE_MEMBER_IMPORT_VISIBILITY = YES;
				SWIFT_VERSION = 5.0;
				TARGETED_DEVICE_FAMILY = "1,2";
			};
			name = Debug;
		};
		1BCD4D6E2F55ECC80074A67C /* Release */ = {
			isa = XCBuildConfiguration;
			buildSettings = {
				ASSETCATALOG_COMPILER_APPICON_NAME = AppIcon;
				ASSETCATALOG_COMPILER_GLOBAL_ACCENT_COLOR_NAME = AccentColor;
				CODE_SIGN_STYLE = Automatic;
				CURRENT_PROJECT_VERSION = 1;
				DEVELOPMENT_TEAM = 58TH6PGDXM;
				ENABLE_PREVIEWS = YES;
				GENERATE_INFOPLIST_FILE = YES;
				INFOPLIST_KEY_UIApplicationSceneManifest_Generation = YES;
				INFOPLIST_KEY_UIApplicationSupportsIndirectInputEvents = YES;
				INFOPLIST_KEY_UILaunchScreen_Generation = YES;
				INFOPLIST_KEY_UISupportedInterfaceOrientations_iPad = "UIInterfaceOrientationPortrait UIInterfaceOrientationPortraitUpsideDown UIInterfaceOrientationLandscapeLeft UIInterfaceOrientationLandscapeRight";
				INFOPLIST_KEY_UISupportedInterfaceOrientations_iPhone = "UIInterfaceOrientationPortrait UIInterfaceOrientationLandscapeLeft UIInterfaceOrientationLandscapeRight";
				LD_RUNPATH_SEARCH_PATHS = (
					"$(inherited)",
					"@executable_path/Frameworks",
				);
				MARKETING_VERSION = 1.0;
				PRODUCT_BUNDLE_IDENTIFIER = "com.groupeseb.ffroehly-groupeseb.EnduroTrack";
				PRODUCT_NAME = "$(TARGET_NAME)";
				STRING_CATALOG_GENERATE_SYMBOLS = YES;
				SWIFT_APPROACHABLE_CONCURRENCY = YES;
				SWIFT_DEFAULT_ACTOR_ISOLATION = MainActor;
				SWIFT_EMIT_LOC_STRINGS = YES;
				SWIFT_UPCOMING_FEATURE_MEMBER_IMPORT_VISIBILITY = YES;
				SWIFT_VERSION = 5.0;
				TARGETED_DEVICE_FAMILY = "1,2";
			};
			name = Release;
		};
		1BCD4D702F55ECC80074A67C /* Debug */ = {
			isa = XCBuildConfiguration;
			buildSettings = {
				BUNDLE_LOADER = "$(TEST_HOST)";
				CODE_SIGN_STYLE = Automatic;
				CURRENT_PROJECT_VERSION = 1;
				DEVELOPMENT_TEAM = 58TH6PGDXM;
				GENERATE_INFOPLIST_FILE = YES;
				IPHONEOS_DEPLOYMENT_TARGET = 26.2;
				MARKETING_VERSION = 1.0;
				PRODUCT_BUNDLE_IDENTIFIER = "com.groupeseb.ffroehly-groupeseb.EnduroTrackTests";
				PRODUCT_NAME = "$(TARGET_NAME)";
				STRING_CATALOG_GENERATE_SYMBOLS = NO;
				SWIFT_APPROACHABLE_CONCURRENCY = YES;
				SWIFT_EMIT_LOC_STRINGS = NO;
				SWIFT_UPCOMING_FEATURE_MEMBER_IMPORT_VISIBILITY = YES;
				SWIFT_VERSION = 5.0;
				TARGETED_DEVICE_FAMILY = "1,2";
				TEST_HOST = "$(BUILT_PRODUCTS_DIR)/EnduroTrack.app/$(BUNDLE_EXECUTABLE_FOLDER_PATH)/EnduroTrack";
			};
			name = Debug;
		};
		1BCD4D712F55ECC80074A67C /* Release */ = {
			isa = XCBuildConfiguration;
			buildSettings = {
				BUNDLE_LOADER = "$(TEST_HOST)";
				CODE_SIGN_STYLE = Automatic;
				CURRENT_PROJECT_VERSION = 1;
				DEVELOPMENT_TEAM = 58TH6PGDXM;
				GENERATE_INFOPLIST_FILE = YES;
				IPHONEOS_DEPLOYMENT_TARGET = 26.2;
				MARKETING_VERSION = 1.0;
				PRODUCT_BUNDLE_IDENTIFIER = "com.groupeseb.ffroehly-groupeseb.EnduroTrackTests";
				PRODUCT_NAME = "$(TARGET_NAME)";
				STRING_CATALOG_GENERATE_SYMBOLS = NO;
				SWIFT_APPROACHABLE_CONCURRENCY = YES;
				SWIFT_EMIT_LOC_STRINGS = NO;
				SWIFT_UPCOMING_FEATURE_MEMBER_IMPORT_VISIBILITY = YES;
				SWIFT_VERSION = 5.0;
				TARGETED_DEVICE_FAMILY = "1,2";
				TEST_HOST = "$(BUILT_PRODUCTS_DIR)/EnduroTrack.app/$(BUNDLE_EXECUTABLE_FOLDER_PATH)/EnduroTrack";
			};
			name = Release;
		};
		1BCD4D732F55ECC80074A67C /* Debug */ = {
			isa = XCBuildConfiguration;
			buildSettings = {
				CODE_SIGN_STYLE = Automatic;
				CURRENT_PROJECT_VERSION = 1;
				DEVELOPMENT_TEAM = 58TH6PGDXM;
				GENERATE_INFOPLIST_FILE = YES;
				MARKETING_VERSION = 1.0;
				PRODUCT_BUNDLE_IDENTIFIER = "com.groupeseb.ffroehly-groupeseb.EnduroTrackUITests";
				PRODUCT_NAME = "$(TARGET_NAME)";
				STRING_CATALOG_GENERATE_SYMBOLS = NO;
				SWIFT_APPROACHABLE_CONCURRENCY = YES;
				SWIFT_EMIT_LOC_STRINGS = NO;
				SWIFT_UPCOMING_FEATURE_MEMBER_IMPORT_VISIBILITY = YES;
				SWIFT_VERSION = 5.0;
				TARGETED_DEVICE_FAMILY = "1,2";
				TEST_TARGET_NAME = EnduroTrack;
			};
			name = Debug;
		};
		1BCD4D742F55ECC80074A67C /* Release */ = {
			isa = XCBuildConfiguration;
			buildSettings = {
				CODE_SIGN_STYLE = Automatic;
				CURRENT_PROJECT_VERSION = 1;
				DEVELOPMENT_TEAM = 58TH6PGDXM;
				GENERATE_INFOPLIST_FILE = YES;
				MARKETING_VERSION = 1.0;
				PRODUCT_BUNDLE_IDENTIFIER = "com.groupeseb.ffroehly-groupeseb.EnduroTrackUITests";
				PRODUCT_NAME = "$(TARGET_NAME)";
				STRING_CATALOG_GENERATE_SYMBOLS = NO;
				SWIFT_APPROACHABLE_CONCURRENCY = YES;
				SWIFT_EMIT_LOC_STRINGS = NO;
				SWIFT_UPCOMING_FEATURE_MEMBER_IMPORT_VISIBILITY = YES;
				SWIFT_VERSION = 5.0;
				TARGETED_DEVICE_FAMILY = "1,2";
				TEST_TARGET_NAME = EnduroTrack;
			};
			name = Release;
		};
/* End XCBuildConfiguration section */

/* Begin XCConfigurationList section */
		1BCD4D462F55ECC60074A67C /* Build configuration list for PBXProject "EnduroTrack" */ = {
			isa = XCConfigurationList;
			buildConfigurations = (
				1BCD4D6A2F55ECC80074A67C /* Debug */,
				1BCD4D6B2F55ECC80074A67C /* Release */,
			);
			defaultConfigurationIsVisible = 0;
			defaultConfigurationName = Release;
		};
		1BCD4D6C2F55ECC80074A67C /* Build configuration list for PBXNativeTarget "EnduroTrack" */ = {
			isa = XCConfigurationList;
			buildConfigurations = (
				1BCD4D6D2F55ECC80074A67C /* Debug */,
				1BCD4D6E2F55ECC80074A67C /* Release */,
			);
			defaultConfigurationIsVisible = 0;
			defaultConfigurationName = Release;
		};
		1BCD4D6F2F55ECC80074A67C /* Build configuration list for PBXNativeTarget "EnduroTrackTests" */ = {
			isa = XCConfigurationList;
			buildConfigurations = (
				1BCD4D702F55ECC80074A67C /* Debug */,
				1BCD4D712F55ECC80074A67C /* Release */,
			);
			defaultConfigurationIsVisible = 0;
			defaultConfigurationName = Release;
		};
		1BCD4D722F55ECC80074A67C /* Build configuration list for PBXNativeTarget "EnduroTrackUITests" */ = {
			isa = XCConfigurationList;
			buildConfigurations = (
				1BCD4D732F55ECC80074A67C /* Debug */,
				1BCD4D742F55ECC80074A67C /* Release */,
			);
			defaultConfigurationIsVisible = 0;
			defaultConfigurationName = Release;
		};
/* End XCConfigurationList section */

/* Begin XCLocalSwiftPackageReference section */
		1BE1B0552F56F6710044AA8D /* XCLocalSwiftPackageReference "../Domain" */ = {
			isa = XCLocalSwiftPackageReference;
			relativePath = ../Domain;
		};
		1BE1B0562F56F6820044AA8D /* XCLocalSwiftPackageReference "../DesignSystem" */ = {
			isa = XCLocalSwiftPackageReference;
			relativePath = ../DesignSystem;
		};
/* End XCLocalSwiftPackageReference section */

/* Begin XCSwiftPackageProductDependency section */
		1B7FA11B2F56FD35004E86A9 /* Domain */ = {
			isa = XCSwiftPackageProductDependency;
			package = 1BE1B0552F56F6710044AA8D /* XCLocalSwiftPackageReference "../Domain" */;
			productName = Domain;
		};
		1B7FA11D2F56FD35004E86A9 /* DesignSystem */ = {
			isa = XCSwiftPackageProductDependency;
			package = 1BE1B0562F56F6820044AA8D /* XCLocalSwiftPackageReference "../DesignSystem" */;
			productName = DesignSystem;
		};
/* End XCSwiftPackageProductDependency section */
	};
	rootObject = 1BCD4D432F55ECC60074A67C /* Project object */;
}
